
Microsoft Visual Studio Solution File, Format Version 12.00
# Visual Studio Version 16
VisualStudioVersion = 16.0.29613.14
MinimumVisualStudioVersion = 10.0.40219.1
Project("{2150E333-8FDC-42A3-9474-1A3956D46DE8}") = "02-Domain", "02-Domain", "{FDDA9F4D-3D13-4A06-9BEA-3D338C4C15F8}"
EndProject
Project("{2150E333-8FDC-42A3-9474-1A3956D46DE8}") = "00-Template", "00-Template", "{8B94ACF0-097F-4A07-8345-39C8F484FF4E}"
EndProject
Project("{2150E333-8FDC-42A3-9474-1A3956D46DE8}") = "03-DataAccess", "03-DataAccess", "{FA965DC7-6D06-4C60-9AA5-EC9EF13AA4D2}"
EndProject
Project("{9A19103F-16F7-4668-BE54-9A1E7A4F7556}") = "Eagle.Domain", "Eagle.Domain\Eagle.Domain.csproj", "{BBC91882-77E4-4BA7-BB94-1B35855F691C}"
EndProject
Project("{FAE04EC0-301F-11D3-BF4B-00C04F79EFBC}") = "Eagle.Template", "Eagle.Template\Eagle.Template.csproj", "{DD7FE559-DEAD-42F7-A7DC-53E9C8529BCB}"
EndProject
Project("{9A19103F-16F7-4668-BE54-9A1E7A4F7556}") = "Eagle.ProjectSelector", "Eagle.ProjectSelector\Eagle.ProjectSelector.csproj", "{324ECB82-72B5-4EE7-B2DA-54B2ADCABE32}"
EndProject
Project("{FAE04EC0-301F-11D3-BF4B-00C04F79EFBC}") = "Eagle.ProjectLauncher", "Eagle.ProjectLauncher\Eagle.ProjectLauncher.csproj", "{01EFDF69-9F37-4BAD-BDA6-EA50FF415140}"
EndProject
Project("{2150E333-8FDC-42A3-9474-1A3956D46DE8}") = "05-Service", "05-Service", "{4828716E-C511-4E49-8953-CA2F23FAB305}"
EndProject
Project("{9A19103F-16F7-4668-BE54-9A1E7A4F7556}") = "Eagle.Service", "Eagle.Service\Eagle.Service.csproj", "{5B2947C4-009F-4630-B289-8EF0FD57A341}"
EndProject
Project("{2150E333-8FDC-42A3-9474-1A3956D46DE8}") = "06-DependencyResolver", "06-DependencyResolver", "{CDC9CE4E-0524-4C02-B410-CC1144B5E205}"
EndProject
Project("{9A19103F-16F7-4668-BE54-9A1E7A4F7556}") = "Eagle.DependencyResolver", "Eagle.DependencyResolver\Eagle.DependencyResolver.csproj", "{5FB0B6A9-CED6-47E2-936D-3151F5088154}"
EndProject
Project("{2150E333-8FDC-42A3-9474-1A3956D46DE8}") = "07-EndPoints", "07-EndPoints", "{BDD47D61-375F-4565-A27D-04BA67D7B196}"
EndProject
Project("{9A19103F-16F7-4668-BE54-9A1E7A4F7556}") = "Eagle.Dashboard", "Eagle.Dashboard\Eagle.Dashboard.csproj", "{00577DA7-8741-4815-9F60-699FF4CF007F}"
EndProject
Project("{2150E333-8FDC-42A3-9474-1A3956D46DE8}") = "01-Shared", "01-Shared", "{4EFE8219-388C-4161-88D7-61FB642CFF78}"
EndProject
Project("{9A19103F-16F7-4668-BE54-9A1E7A4F7556}") = "Eagle.FileManagerAdapter", "Eagle.FileManagerAdapter\Eagle.FileManagerAdapter.csproj", "{24563E6B-F311-4370-9BB7-69D941F090AD}"
EndProject
Project("{9A19103F-16F7-4668-BE54-9A1E7A4F7556}") = "Eagle.CodeGenerator", "Eagle.CodeGenerator\Eagle.CodeGenerator.csproj", "{DADA6C7B-E41E-4364-BAD0-570E4962E37C}"
EndProject
Project("{2150E333-8FDC-42A3-9474-1A3956D46DE8}") = "04-Adapter", "04-Adapter", "{DF780442-06F4-417D-872D-F919C878379A}"
EndProject
Project("{9A19103F-16F7-4668-BE54-9A1E7A4F7556}") = "Eagle.InfraStructure", "Eagle.InfraStructure\Eagle.InfraStructure.csproj", "{2F20716F-61C5-4A39-9953-D434DE0051E4}"
EndProject
Project("{9A19103F-16F7-4668-BE54-9A1E7A4F7556}") = "Eagle.DataAccess.Ef", "Eagle.DataAccess.Ef\Eagle.DataAccess.Ef.csproj", "{67F2B535-FBE5-4E14-ADDE-A3E3920E4317}"
EndProject
Project("{9A19103F-16F7-4668-BE54-9A1E7A4F7556}") = "Eagle.DataAccess.Dapper", "Eagle.DataAccess.Dapper\Eagle.DataAccess.Dapper.csproj", "{D23ECE22-43BF-49BB-A6D6-276277829519}"
EndProject
Project("{FAE04EC0-301F-11D3-BF4B-00C04F79EFBC}") = "Eagle.Api", "Eagle.Api\Eagle.Api.csproj", "{1965CFFD-65AA-4B23-9341-9A9CC838B62A}"
EndProject
Global
	GlobalSection(SolutionConfigurationPlatforms) = preSolution
		Debug|Any CPU = Debug|Any CPU
		Release|Any CPU = Release|Any CPU
	EndGlobalSection
	GlobalSection(ProjectConfigurationPlatforms) = postSolution
		{BBC91882-77E4-4BA7-BB94-1B35855F691C}.Debug|Any CPU.ActiveCfg = Debug|Any CPU
		{BBC91882-77E4-4BA7-BB94-1B35855F691C}.Debug|Any CPU.Build.0 = Debug|Any CPU
		{BBC91882-77E4-4BA7-BB94-1B35855F691C}.Release|Any CPU.ActiveCfg = Release|Any CPU
		{BBC91882-77E4-4BA7-BB94-1B35855F691C}.Release|Any CPU.Build.0 = Release|Any CPU
		{DD7FE559-DEAD-42F7-A7DC-53E9C8529BCB}.Debug|Any CPU.ActiveCfg = Debug|Any CPU
		{DD7FE559-DEAD-42F7-A7DC-53E9C8529BCB}.Debug|Any CPU.Build.0 = Debug|Any CPU
		{DD7FE559-DEAD-42F7-A7DC-53E9C8529BCB}.Release|Any CPU.ActiveCfg = Release|Any CPU
		{DD7FE559-DEAD-42F7-A7DC-53E9C8529BCB}.Release|Any CPU.Build.0 = Release|Any CPU
		{324ECB82-72B5-4EE7-B2DA-54B2ADCABE32}.Debug|Any CPU.ActiveCfg = Debug|Any CPU
		{324ECB82-72B5-4EE7-B2DA-54B2ADCABE32}.Debug|Any CPU.Build.0 = Debug|Any CPU
		{324ECB82-72B5-4EE7-B2DA-54B2ADCABE32}.Release|Any CPU.ActiveCfg = Release|Any CPU
		{324ECB82-72B5-4EE7-B2DA-54B2ADCABE32}.Release|Any CPU.Build.0 = Release|Any CPU
		{01EFDF69-9F37-4BAD-BDA6-EA50FF415140}.Debug|Any CPU.ActiveCfg = Debug|Any CPU
		{01EFDF69-9F37-4BAD-BDA6-EA50FF415140}.Debug|Any CPU.Build.0 = Debug|Any CPU
		{01EFDF69-9F37-4BAD-BDA6-EA50FF415140}.Release|Any CPU.ActiveCfg = Release|Any CPU
		{01EFDF69-9F37-4BAD-BDA6-EA50FF415140}.Release|Any CPU.Build.0 = Release|Any CPU
		{5B2947C4-009F-4630-B289-8EF0FD57A341}.Debug|Any CPU.ActiveCfg = Debug|Any CPU
		{5B2947C4-009F-4630-B289-8EF0FD57A341}.Debug|Any CPU.Build.0 = Debug|Any CPU
		{5B2947C4-009F-4630-B289-8EF0FD57A341}.Release|Any CPU.ActiveCfg = Release|Any CPU
		{5B2947C4-009F-4630-B289-8EF0FD57A341}.Release|Any CPU.Build.0 = Release|Any CPU
		{5FB0B6A9-CED6-47E2-936D-3151F5088154}.Debug|Any CPU.ActiveCfg = Debug|Any CPU
		{5FB0B6A9-CED6-47E2-936D-3151F5088154}.Debug|Any CPU.Build.0 = Debug|Any CPU
		{5FB0B6A9-CED6-47E2-936D-3151F5088154}.Release|Any CPU.ActiveCfg = Release|Any CPU
		{5FB0B6A9-CED6-47E2-936D-3151F5088154}.Release|Any CPU.Build.0 = Release|Any CPU
		{00577DA7-8741-4815-9F60-699FF4CF007F}.Debug|Any CPU.ActiveCfg = Debug|Any CPU
		{00577DA7-8741-4815-9F60-699FF4CF007F}.Debug|Any CPU.Build.0 = Debug|Any CPU
		{00577DA7-8741-4815-9F60-699FF4CF007F}.Release|Any CPU.ActiveCfg = Release|Any CPU
		{00577DA7-8741-4815-9F60-699FF4CF007F}.Release|Any CPU.Build.0 = Release|Any CPU
		{24563E6B-F311-4370-9BB7-69D941F090AD}.Debug|Any CPU.ActiveCfg = Debug|Any CPU
		{24563E6B-F311-4370-9BB7-69D941F090AD}.Debug|Any CPU.Build.0 = Debug|Any CPU
		{24563E6B-F311-4370-9BB7-69D941F090AD}.Release|Any CPU.ActiveCfg = Release|Any CPU
		{24563E6B-F311-4370-9BB7-69D941F090AD}.Release|Any CPU.Build.0 = Release|Any CPU
		{DADA6C7B-E41E-4364-BAD0-570E4962E37C}.Debug|Any CPU.ActiveCfg = Debug|Any CPU
		{DADA6C7B-E41E-4364-BAD0-570E4962E37C}.Debug|Any CPU.Build.0 = Debug|Any CPU
		{DADA6C7B-E41E-4364-BAD0-570E4962E37C}.Release|Any CPU.ActiveCfg = Release|Any CPU
		{DADA6C7B-E41E-4364-BAD0-570E4962E37C}.Release|Any CPU.Build.0 = Release|Any CPU
		{2F20716F-61C5-4A39-9953-D434DE0051E4}.Debug|Any CPU.ActiveCfg = Debug|Any CPU
		{2F20716F-61C5-4A39-9953-D434DE0051E4}.Debug|Any CPU.Build.0 = Debug|Any CPU
		{2F20716F-61C5-4A39-9953-D434DE0051E4}.Release|Any CPU.ActiveCfg = Release|Any CPU
		{2F20716F-61C5-4A39-9953-D434DE0051E4}.Release|Any CPU.Build.0 = Release|Any CPU
		{67F2B535-FBE5-4E14-ADDE-A3E3920E4317}.Debug|Any CPU.ActiveCfg = Debug|Any CPU
		{67F2B535-FBE5-4E14-ADDE-A3E3920E4317}.Debug|Any CPU.Build.0 = Debug|Any CPU
		{67F2B535-FBE5-4E14-ADDE-A3E3920E4317}.Release|Any CPU.ActiveCfg = Release|Any CPU
		{67F2B535-FBE5-4E14-ADDE-A3E3920E4317}.Release|Any CPU.Build.0 = Release|Any CPU
		{D23ECE22-43BF-49BB-A6D6-276277829519}.Debug|Any CPU.ActiveCfg = Debug|Any CPU
		{D23ECE22-43BF-49BB-A6D6-276277829519}.Debug|Any CPU.Build.0 = Debug|Any CPU
		{D23ECE22-43BF-49BB-A6D6-276277829519}.Release|Any CPU.ActiveCfg = Release|Any CPU
		{D23ECE22-43BF-49BB-A6D6-276277829519}.Release|Any CPU.Build.0 = Release|Any CPU
		{1965CFFD-65AA-4B23-9341-9A9CC838B62A}.Debug|Any CPU.ActiveCfg = Debug|Any CPU
		{1965CFFD-65AA-4B23-9341-9A9CC838B62A}.Debug|Any CPU.Build.0 = Debug|Any CPU
		{1965CFFD-65AA-4B23-9341-9A9CC838B62A}.Release|Any CPU.ActiveCfg = Release|Any CPU
		{1965CFFD-65AA-4B23-9341-9A9CC838B62A}.Release|Any CPU.Build.0 = Release|Any CPU
	EndGlobalSection
	GlobalSection(SolutionProperties) = preSolution
		HideSolutionNode = FALSE
	EndGlobalSection
	GlobalSection(NestedProjects) = preSolution
		{BBC91882-77E4-4BA7-BB94-1B35855F691C} = {FDDA9F4D-3D13-4A06-9BEA-3D338C4C15F8}
		{DD7FE559-DEAD-42F7-A7DC-53E9C8529BCB} = {8B94ACF0-097F-4A07-8345-39C8F484FF4E}
		{324ECB82-72B5-4EE7-B2DA-54B2ADCABE32} = {8B94ACF0-097F-4A07-8345-39C8F484FF4E}
		{01EFDF69-9F37-4BAD-BDA6-EA50FF415140} = {8B94ACF0-097F-4A07-8345-39C8F484FF4E}
		{5B2947C4-009F-4630-B289-8EF0FD57A341} = {4828716E-C511-4E49-8953-CA2F23FAB305}
		{5FB0B6A9-CED6-47E2-936D-3151F5088154} = {CDC9CE4E-0524-4C02-B410-CC1144B5E205}
		{00577DA7-8741-4815-9F60-699FF4CF007F} = {BDD47D61-375F-4565-A27D-04BA67D7B196}
		{24563E6B-F311-4370-9BB7-69D941F090AD} = {DF780442-06F4-417D-872D-F919C878379A}
		{DADA6C7B-E41E-4364-BAD0-570E4962E37C} = {8B94ACF0-097F-4A07-8345-39C8F484FF4E}
		{2F20716F-61C5-4A39-9953-D434DE0051E4} = {4EFE8219-388C-4161-88D7-61FB642CFF78}
		{67F2B535-FBE5-4E14-ADDE-A3E3920E4317} = {FA965DC7-6D06-4C60-9AA5-EC9EF13AA4D2}
		{D23ECE22-43BF-49BB-A6D6-276277829519} = {FA965DC7-6D06-4C60-9AA5-EC9EF13AA4D2}
		{1965CFFD-65AA-4B23-9341-9A9CC838B62A} = {BDD47D61-375F-4565-A27D-04BA67D7B196}
	EndGlobalSection
	GlobalSection(ExtensibilityGlobals) = postSolution
		SolutionGuid = {C05664E4-4DE7-43BE-BC33-296FEEECF19D}
	EndGlobalSection
EndGlobal
